{
  "version": "5",
  "specifiers": {
    "jsr:@cross/deepmerge@1": "1.0.1",
    "jsr:@cross/env@^1.0.3": "1.0.3",
    "jsr:@cross/runtime@1": "1.2.1"
  },
  "jsr": {
    "@cross/deepmerge@1.0.1": {
      "integrity": "7a224229f1a463087d62cef8729d26263ed4f5e3c2f2bfec64fc0a16a9dbc754"
    },
    "@cross/env@1.0.3": {
      "integrity": "218d2dd68bec55cf047d1670a8bddc304b9c011a8ad22e647afa916bb796c8b4",
      "dependencies": [
        "jsr:@cross/deepmerge",
        "jsr:@cross/runtime"
      ]
    },
    "@cross/runtime@1.2.1": {
      "integrity": "f462fcf2fd678f9073291b4e55209b90f58c8d508764a84205d178abdcf22fc9"
    }
  },
  "workspace": {
    "dependencies": [
      "jsr:@cross/env@^1.0.3"
    ]
  }
}
